
Microsoft Visual Studio Solution File, Format Version 12.00
Project("{FAE04EC0-301F-11D3-BF4B-00C04F79EFBC}") = "ALInventory", "ALInventory\ALInventory.csproj", "{B7B6767A-6FD1-4726-BC0B-F7FBA118244D}"
EndProject
Project("{FAE04EC0-301F-11D3-BF4B-00C04F79EFBC}") = "Models", "Models\Models.csproj", "{6DAB57C6-CD83-4F8C-8CDF-D878C66716B9}"
EndProject
Project("{FAE04EC0-301F-11D3-BF4B-00C04F79EFBC}") = "Services", "Services\Services.csproj", "{F048CE82-7B73-44E1-B0E1-2C94380E35EF}"
EndProject
Project("{FAE04EC0-301F-11D3-BF4B-00C04F79EFBC}") = "Helpers", "Helpers\Helpers.csproj", "{E8ED016F-D687-44E9-B916-AA30BAD606F4}"
EndProject
Project("{FAE04EC0-301F-11D3-BF4B-00C04F79EFBC}") = "UI", "UI\UI.csproj", "{2186A794-036F-4DD5-B92D-7BB92687CAF8}"
EndProject
Global
	GlobalSection(SolutionConfigurationPlatforms) = preSolution
		Debug|Any CPU = Debug|Any CPU
		Release|Any CPU = Release|Any CPU
	EndGlobalSection
	GlobalSection(ProjectConfigurationPlatforms) = postSolution
		{B7B6767A-6FD1-4726-BC0B-F7FBA118244D}.Debug|Any CPU.ActiveCfg = Debug|Any CPU
		{B7B6767A-6FD1-4726-BC0B-F7FBA118244D}.Debug|Any CPU.Build.0 = Debug|Any CPU
		{B7B6767A-6FD1-4726-BC0B-F7FBA118244D}.Release|Any CPU.ActiveCfg = Release|Any CPU
		{B7B6767A-6FD1-4726-BC0B-F7FBA118244D}.Release|Any CPU.Build.0 = Release|Any CPU
		{6DAB57C6-CD83-4F8C-8CDF-D878C66716B9}.Debug|Any CPU.ActiveCfg = Debug|Any CPU
		{6DAB57C6-CD83-4F8C-8CDF-D878C66716B9}.Debug|Any CPU.Build.0 = Debug|Any CPU
		{6DAB57C6-CD83-4F8C-8CDF-D878C66716B9}.Release|Any CPU.ActiveCfg = Release|Any CPU
		{6DAB57C6-CD83-4F8C-8CDF-D878C66716B9}.Release|Any CPU.Build.0 = Release|Any CPU
		{F048CE82-7B73-44E1-B0E1-2C94380E35EF}.Debug|Any CPU.ActiveCfg = Debug|Any CPU
		{F048CE82-7B73-44E1-B0E1-2C94380E35EF}.Debug|Any CPU.Build.0 = Debug|Any CPU
		{F048CE82-7B73-44E1-B0E1-2C94380E35EF}.Release|Any CPU.ActiveCfg = Release|Any CPU
		{F048CE82-7B73-44E1-B0E1-2C94380E35EF}.Release|Any CPU.Build.0 = Release|Any CPU
		{E8ED016F-D687-44E9-B916-AA30BAD606F4}.Debug|Any CPU.ActiveCfg = Debug|Any CPU
		{E8ED016F-D687-44E9-B916-AA30BAD606F4}.Debug|Any CPU.Build.0 = Debug|Any CPU
		{E8ED016F-D687-44E9-B916-AA30BAD606F4}.Release|Any CPU.ActiveCfg = Release|Any CPU
		{E8ED016F-D687-44E9-B916-AA30BAD606F4}.Release|Any CPU.Build.0 = Release|Any CPU
		{2186A794-036F-4DD5-B92D-7BB92687CAF8}.Debug|Any CPU.ActiveCfg = Debug|Any CPU
		{2186A794-036F-4DD5-B92D-7BB92687CAF8}.Debug|Any CPU.Build.0 = Debug|Any CPU
		{2186A794-036F-4DD5-B92D-7BB92687CAF8}.Release|Any CPU.ActiveCfg = Release|Any CPU
		{2186A794-036F-4DD5-B92D-7BB92687CAF8}.Release|Any CPU.Build.0 = Release|Any CPU
	EndGlobalSection
EndGlobal
